// !$*UTF8*$!
{
	archiveVersion = 1;
	classes = {
	};
	objectVersion = 56;
	objects = {

/* Begin PBXBuildFile section */
		39A7E62A292E4C9B00AD6DBE /* Pods_Taygır.framework in Frameworks */ = {isa = PBXBuildFile; fileRef = 39A7E629292E4C9B00AD6DBE /* Pods_Taygır.framework */; };
		39A7E62E292E5A8500AD6DBE /* AuthService.swift in Sources */ = {isa = PBXBuildFile; fileRef = 39A7E62D292E5A8500AD6DBE /* AuthService.swift */; };
		39AA19F3292F96B7009E21C6 /* MessageCell.swift in Sources */ = {isa = PBXBuildFile; fileRef = 39AA19F2292F96B7009E21C6 /* MessageCell.swift */; };
		39AA19F5292FA89D009E21C6 /* Message.swift in Sources */ = {isa = PBXBuildFile; fileRef = 39AA19F4292FA89D009E21C6 /* Message.swift */; };
		39AA19F7292FAB02009E21C6 /* MessageViewModel.swift in Sources */ = {isa = PBXBuildFile; fileRef = 39AA19F6292FAB02009E21C6 /* MessageViewModel.swift */; };
		39AA19F9292FB45F009E21C6 /* Constants.swift in Sources */ = {isa = PBXBuildFile; fileRef = 39AA19F8292FB45F009E21C6 /* Constants.swift */; };
		39AA19FB292FDC65009E21C6 /* ConversationCell.swift in Sources */ = {isa = PBXBuildFile; fileRef = 39AA19FA292FDC65009E21C6 /* ConversationCell.swift */; };
		39AA19FD292FE45B009E21C6 /* ConversationViewModel.swift in Sources */ = {isa = PBXBuildFile; fileRef = 39AA19FC292FE45B009E21C6 /* ConversationViewModel.swift */; };
		39AA1A00292FF1BC009E21C6 /* ProfileController.swift in Sources */ = {isa = PBXBuildFile; fileRef = 39AA19FF292FF1BC009E21C6 /* ProfileController.swift */; };
		39AA1A02292FF3C6009E21C6 /* ProfileHeader.swift in Sources */ = {isa = PBXBuildFile; fileRef = 39AA1A01292FF3C6009E21C6 /* ProfileHeader.swift */; };
		39AA1A04293014CE009E21C6 /* ProfileViewModel.swift in Sources */ = {isa = PBXBuildFile; fileRef = 39AA1A03293014CE009E21C6 /* ProfileViewModel.swift */; };
		39AA1A06293015EF009E21C6 /* ProfileCell.swift in Sources */ = {isa = PBXBuildFile; fileRef = 39AA1A05293015EF009E21C6 /* ProfileCell.swift */; };
		39AA1A08293069B8009E21C6 /* ProfileFooter.swift in Sources */ = {isa = PBXBuildFile; fileRef = 39AA1A07293069B8009E21C6 /* ProfileFooter.swift */; };
		39AA1A0A29308436009E21C6 /* LaunchScreen.storyboard in Resources */ = {isa = PBXBuildFile; fileRef = 39AA1A0929308436009E21C6 /* LaunchScreen.storyboard */; };
		39E37418292F7B46009A7824 /* NewMessageController.swift in Sources */ = {isa = PBXBuildFile; fileRef = 39E37417292F7B46009A7824 /* NewMessageController.swift */; };
		39E3741A292F801D009A7824 /* UserCell.swift in Sources */ = {isa = PBXBuildFile; fileRef = 39E37419292F801D009A7824 /* UserCell.swift */; };
		39E3741C292F8322009A7824 /* User.swift in Sources */ = {isa = PBXBuildFile; fileRef = 39E3741B292F8322009A7824 /* User.swift */; };
		39E3741E292F836C009A7824 /* Service.swift in Sources */ = {isa = PBXBuildFile; fileRef = 39E3741D292F836C009A7824 /* Service.swift */; };
		39E37420292F88CB009A7824 /* ChatController.swift in Sources */ = {isa = PBXBuildFile; fileRef = 39E3741F292F88CB009A7824 /* ChatController.swift */; };
		39E37422292F8C92009A7824 /* CustomInputAccessoryView.swift in Sources */ = {isa = PBXBuildFile; fileRef = 39E37421292F8C92009A7824 /* CustomInputAccessoryView.swift */; };
		39FF933A29279C1200456B3A /* AppDelegate.swift in Sources */ = {isa = PBXBuildFile; fileRef = 39FF933929279C1200456B3A /* AppDelegate.swift */; };
		39FF933C29279C1200456B3A /* SceneDelegate.swift in Sources */ = {isa = PBXBuildFile; fileRef = 39FF933B29279C1200456B3A /* SceneDelegate.swift */; };
		39FF933E29279C1200456B3A /* ViewController.swift in Sources */ = {isa = PBXBuildFile; fileRef = 39FF933D29279C1200456B3A /* ViewController.swift */; };
		39FF934129279C1200456B3A /* Main.storyboard in Resources */ = {isa = PBXBuildFile; fileRef = 39FF933F29279C1200456B3A /* Main.storyboard */; };
		39FF934329279C1200456B3A /* Assets.xcassets in Resources */ = {isa = PBXBuildFile; fileRef = 39FF934229279C1200456B3A /* Assets.xcassets */; };
		39FF935429279C8800456B3A /* ConversationsController.swift in Sources */ = {isa = PBXBuildFile; fileRef = 39FF935329279C8800456B3A /* ConversationsController.swift */; };
		39FF93572927ABBB00456B3A /* LoginController.swift in Sources */ = {isa = PBXBuildFile; fileRef = 39FF93562927ABBB00456B3A /* LoginController.swift */; };
		39FF93592927ABCF00456B3A /* RegistirationController.swift in Sources */ = {isa = PBXBuildFile; fileRef = 39FF93582927ABCF00456B3A /* RegistirationController.swift */; };
		39FF935B2927AD2600456B3A /* UIColors+ColorPallete.swift in Sources */ = {isa = PBXBuildFile; fileRef = 39FF935A2927AD2600456B3A /* UIColors+ColorPallete.swift */; };
		39FF935E2927AFD100456B3A /* Extentions.swift in Sources */ = {isa = PBXBuildFile; fileRef = 39FF935D2927AFD100456B3A /* Extentions.swift */; };
		39FF93622927B16B00456B3A /* CATransform3D+Helper.swift in Sources */ = {isa = PBXBuildFile; fileRef = 39FF93602927B16B00456B3A /* CATransform3D+Helper.swift */; };
		39FF93632927B16B00456B3A /* Degree.swift in Sources */ = {isa = PBXBuildFile; fileRef = 39FF93612927B16B00456B3A /* Degree.swift */; };
		39FF93752927B1A700456B3A /* LeftArm.swift in Sources */ = {isa = PBXBuildFile; fileRef = 39FF93682927B1A700456B3A /* LeftArm.swift */; };
		39FF93762927B1A700456B3A /* LeftEar.swift in Sources */ = {isa = PBXBuildFile; fileRef = 39FF93692927B1A700456B3A /* LeftEar.swift */; };
		39FF93772927B1A700456B3A /* RightEar.swift in Sources */ = {isa = PBXBuildFile; fileRef = 39FF936A2927B1A700456B3A /* RightEar.swift */; };
		39FF93782927B1A700456B3A /* Muzzle.swift in Sources */ = {isa = PBXBuildFile; fileRef = 39FF936B2927B1A700456B3A /* Muzzle.swift */; };
		39FF93792927B1A700456B3A /* RightEarMask.swift in Sources */ = {isa = PBXBuildFile; fileRef = 39FF936C2927B1A700456B3A /* RightEarMask.swift */; };
		39FF937A2927B1A700456B3A /* LeftEye.swift in Sources */ = {isa = PBXBuildFile; fileRef = 39FF936D2927B1A700456B3A /* LeftEye.swift */; };
		39FF937B2927B1A700456B3A /* RightArm.swift in Sources */ = {isa = PBXBuildFile; fileRef = 39FF936E2927B1A700456B3A /* RightArm.swift */; };
		39FF937C2927B1A700456B3A /* Mouth.swift in Sources */ = {isa = PBXBuildFile; fileRef = 39FF936F2927B1A700456B3A /* Mouth.swift */; };
		39FF937D2927B1A700456B3A /* Nose.swift in Sources */ = {isa = PBXBuildFile; fileRef = 39FF93702927B1A700456B3A /* Nose.swift */; };
		39FF937E2927B1A700456B3A /* LeftEarMask.swift in Sources */ = {isa = PBXBuildFile; fileRef = 39FF93712927B1A700456B3A /* LeftEarMask.swift */; };
		39FF937F2927B1A700456B3A /* Head.swift in Sources */ = {isa = PBXBuildFile; fileRef = 39FF93722927B1A700456B3A /* Head.swift */; };
		39FF93802927B1A700456B3A /* Body.swift in Sources */ = {isa = PBXBuildFile; fileRef = 39FF93732927B1A700456B3A /* Body.swift */; };
		39FF93812927B1A700456B3A /* RightEye.swift in Sources */ = {isa = PBXBuildFile; fileRef = 39FF93742927B1A700456B3A /* RightEye.swift */; };
		39FF93852927B1B300456B3A /* CritterAnimatable.swift in Sources */ = {isa = PBXBuildFile; fileRef = 39FF93822927B1B300456B3A /* CritterAnimatable.swift */; };
		39FF93862927B1B300456B3A /* CritterView.swift in Sources */ = {isa = PBXBuildFile; fileRef = 39FF93832927B1B300456B3A /* CritterView.swift */; };
		39FF93872927B1B300456B3A /* CritterAssets.swift in Sources */ = {isa = PBXBuildFile; fileRef = 39FF93842927B1B300456B3A /* CritterAssets.swift */; };
		39FF9389292BA7D000456B3A /* InputContainerView.swift in Sources */ = {isa = PBXBuildFile; fileRef = 39FF9388292BA7D000456B3A /* InputContainerView.swift */; };
		39FF938B292BAA9700456B3A /* CustomTextField.swift in Sources */ = {isa = PBXBuildFile; fileRef = 39FF938A292BAA9700456B3A /* CustomTextField.swift */; };
		39FF938D292CB66500456B3A /* LoginViewModel.swift in Sources */ = {isa = PBXBuildFile; fileRef = 39FF938C292CB66500456B3A /* LoginViewModel.swift */; };
		39FF9390292DFB7500456B3A /* RegistirationViewModel.swift in Sources */ = {isa = PBXBuildFile; fileRef = 39FF938F292DFB7500456B3A /* RegistirationViewModel.swift */; };
		39FF9392292E084C00456B3A /* GoogleService-Info.plist in Resources */ = {isa = PBXBuildFile; fileRef = 39FF9391292E084C00456B3A /* GoogleService-Info.plist */; };
/* End PBXBuildFile section */

/* Begin PBXFileReference section */
		39A7E629292E4C9B00AD6DBE /* Pods_Taygır.framework */ = {isa = PBXFileReference; explicitFileType = wrapper.framework; path = "Pods_Taygır.framework"; sourceTree = BUILT_PRODUCTS_DIR; };
		39A7E62D292E5A8500AD6DBE /* AuthService.swift */ = {isa = PBXFileReference; lastKnownFileType = sourcecode.swift; path = AuthService.swift; sourceTree = "<group>"; };
		39AA19F2292F96B7009E21C6 /* MessageCell.swift */ = {isa = PBXFileReference; lastKnownFileType = sourcecode.swift; path = MessageCell.swift; sourceTree = "<group>"; };
		39AA19F4292FA89D009E21C6 /* Message.swift */ = {isa = PBXFileReference; lastKnownFileType = sourcecode.swift; path = Message.swift; sourceTree = "<group>"; };
		39AA19F6292FAB02009E21C6 /* MessageViewModel.swift */ = {isa = PBXFileReference; lastKnownFileType = sourcecode.swift; path = MessageViewModel.swift; sourceTree = "<group>"; };
		39AA19F8292FB45F009E21C6 /* Constants.swift */ = {isa = PBXFileReference; lastKnownFileType = sourcecode.swift; path = Constants.swift; sourceTree = "<group>"; };
		39AA19FA292FDC65009E21C6 /* ConversationCell.swift */ = {isa = PBXFileReference; lastKnownFileType = sourcecode.swift; path = ConversationCell.swift; sourceTree = "<group>"; };
		39AA19FC292FE45B009E21C6 /* ConversationViewModel.swift */ = {isa = PBXFileReference; lastKnownFileType = sourcecode.swift; path = ConversationViewModel.swift; sourceTree = "<group>"; };
		39AA19FF292FF1BC009E21C6 /* ProfileController.swift */ = {isa = PBXFileReference; lastKnownFileType = sourcecode.swift; path = ProfileController.swift; sourceTree = "<group>"; };
		39AA1A01292FF3C6009E21C6 /* ProfileHeader.swift */ = {isa = PBXFileReference; lastKnownFileType = sourcecode.swift; path = ProfileHeader.swift; sourceTree = "<group>"; };
		39AA1A03293014CE009E21C6 /* ProfileViewModel.swift */ = {isa = PBXFileReference; lastKnownFileType = sourcecode.swift; path = ProfileViewModel.swift; sourceTree = "<group>"; };
		39AA1A05293015EF009E21C6 /* ProfileCell.swift */ = {isa = PBXFileReference; lastKnownFileType = sourcecode.swift; path = ProfileCell.swift; sourceTree = "<group>"; };
		39AA1A07293069B8009E21C6 /* ProfileFooter.swift */ = {isa = PBXFileReference; lastKnownFileType = sourcecode.swift; path = ProfileFooter.swift; sourceTree = "<group>"; };
		39AA1A0929308436009E21C6 /* LaunchScreen.storyboard */ = {isa = PBXFileReference; fileEncoding = 4; lastKnownFileType = file.storyboard; path = LaunchScreen.storyboard; sourceTree = "<group>"; };
		39E37417292F7B46009A7824 /* NewMessageController.swift */ = {isa = PBXFileReference; lastKnownFileType = sourcecode.swift; path = NewMessageController.swift; sourceTree = "<group>"; };
		39E37419292F801D009A7824 /* UserCell.swift */ = {isa = PBXFileReference; lastKnownFileType = sourcecode.swift; path = UserCell.swift; sourceTree = "<group>"; };
		39E3741B292F8322009A7824 /* User.swift */ = {isa = PBXFileReference; lastKnownFileType = sourcecode.swift; path = User.swift; sourceTree = "<group>"; };
		39E3741D292F836C009A7824 /* Service.swift */ = {isa = PBXFileReference; lastKnownFileType = sourcecode.swift; path = Service.swift; sourceTree = "<group>"; };
		39E3741F292F88CB009A7824 /* ChatController.swift */ = {isa = PBXFileReference; lastKnownFileType = sourcecode.swift; path = ChatController.swift; sourceTree = "<group>"; };
		39E37421292F8C92009A7824 /* CustomInputAccessoryView.swift */ = {isa = PBXFileReference; lastKnownFileType = sourcecode.swift; path = CustomInputAccessoryView.swift; sourceTree = "<group>"; };
		39FF933629279C1200456B3A /* Taygır.app */ = {isa = PBXFileReference; explicitFileType = wrapper.application; includeInIndex = 0; path = "Taygır.app"; sourceTree = BUILT_PRODUCTS_DIR; };
		39FF933929279C1200456B3A /* AppDelegate.swift */ = {isa = PBXFileReference; lastKnownFileType = sourcecode.swift; path = AppDelegate.swift; sourceTree = "<group>"; };
		39FF933B29279C1200456B3A /* SceneDelegate.swift */ = {isa = PBXFileReference; lastKnownFileType = sourcecode.swift; path = SceneDelegate.swift; sourceTree = "<group>"; };
		39FF933D29279C1200456B3A /* ViewController.swift */ = {isa = PBXFileReference; lastKnownFileType = sourcecode.swift; path = ViewController.swift; sourceTree = "<group>"; };
		39FF934029279C1200456B3A /* Base */ = {isa = PBXFileReference; lastKnownFileType = file.storyboard; name = Base; path = Base.lproj/Main.storyboard; sourceTree = "<group>"; };
		39FF934229279C1200456B3A /* Assets.xcassets */ = {isa = PBXFileReference; lastKnownFileType = folder.assetcatalog; path = Assets.xcassets; sourceTree = "<group>"; };
		39FF934729279C1200456B3A /* Info.plist */ = {isa = PBXFileReference; lastKnownFileType = text.plist.xml; path = Info.plist; sourceTree = "<group>"; };
		39FF935329279C8800456B3A /* ConversationsController.swift */ = {isa = PBXFileReference; lastKnownFileType = sourcecode.swift; path = ConversationsController.swift; sourceTree = "<group>"; };
		39FF93562927ABBB00456B3A /* LoginController.swift */ = {isa = PBXFileReference; lastKnownFileType = sourcecode.swift; path = LoginController.swift; sourceTree = "<group>"; };
		39FF93582927ABCF00456B3A /* RegistirationController.swift */ = {isa = PBXFileReference; lastKnownFileType = sourcecode.swift; path = RegistirationController.swift; sourceTree = "<group>"; };
		39FF935A2927AD2600456B3A /* UIColors+ColorPallete.swift */ = {isa = PBXFileReference; lastKnownFileType = sourcecode.swift; path = "UIColors+ColorPallete.swift"; sourceTree = "<group>"; };
		39FF935D2927AFD100456B3A /* Extentions.swift */ = {isa = PBXFileReference; lastKnownFileType = sourcecode.swift; path = Extentions.swift; sourceTree = "<group>"; };
		39FF93602927B16B00456B3A /* CATransform3D+Helper.swift */ = {isa = PBXFileReference; fileEncoding = 4; lastKnownFileType = sourcecode.swift; path = "CATransform3D+Helper.swift"; sourceTree = "<group>"; };
		39FF93612927B16B00456B3A /* Degree.swift */ = {isa = PBXFileReference; fileEncoding = 4; lastKnownFileType = sourcecode.swift; path = Degree.swift; sourceTree = "<group>"; };
		39FF93682927B1A700456B3A /* LeftArm.swift */ = {isa = PBXFileReference; fileEncoding = 4; lastKnownFileType = sourcecode.swift; path = LeftArm.swift; sourceTree = "<group>"; };
		39FF93692927B1A700456B3A /* LeftEar.swift */ = {isa = PBXFileReference; fileEncoding = 4; lastKnownFileType = sourcecode.swift; path = LeftEar.swift; sourceTree = "<group>"; };
		39FF936A2927B1A700456B3A /* RightEar.swift */ = {isa = PBXFileReference; fileEncoding = 4; lastKnownFileType = sourcecode.swift; path = RightEar.swift; sourceTree = "<group>"; };
		39FF936B2927B1A700456B3A /* Muzzle.swift */ = {isa = PBXFileReference; fileEncoding = 4; lastKnownFileType = sourcecode.swift; path = Muzzle.swift; sourceTree = "<group>"; };
		39FF936C2927B1A700456B3A /* RightEarMask.swift */ = {isa = PBXFileReference; fileEncoding = 4; lastKnownFileType = sourcecode.swift; path = RightEarMask.swift; sourceTree = "<group>"; };
		39FF936D2927B1A700456B3A /* LeftEye.swift */ = {isa = PBXFileReference; fileEncoding = 4; lastKnownFileType = sourcecode.swift; path = LeftEye.swift; sourceTree = "<group>"; };
		39FF936E2927B1A700456B3A /* RightArm.swift */ = {isa = PBXFileReference; fileEncoding = 4; lastKnownFileType = sourcecode.swift; path = RightArm.swift; sourceTree = "<group>"; };
		39FF936F2927B1A700456B3A /* Mouth.swift */ = {isa = PBXFileReference; fileEncoding = 4; lastKnownFileType = sourcecode.swift; path = Mouth.swift; sourceTree = "<group>"; };
		39FF93702927B1A700456B3A /* Nose.swift */ = {isa = PBXFileReference; fileEncoding = 4; lastKnownFileType = sourcecode.swift; path = Nose.swift; sourceTree = "<group>"; };
		39FF93712927B1A700456B3A /* LeftEarMask.swift */ = {isa = PBXFileReference; fileEncoding = 4; lastKnownFileType = sourcecode.swift; path = LeftEarMask.swift; sourceTree = "<group>"; };
		39FF93722927B1A700456B3A /* Head.swift */ = {isa = PBXFileReference; fileEncoding = 4; lastKnownFileType = sourcecode.swift; path = Head.swift; sourceTree = "<group>"; };
		39FF93732927B1A700456B3A /* Body.swift */ = {isa = PBXFileReference; fileEncoding = 4; lastKnownFileType = sourcecode.swift; path = Body.swift; sourceTree = "<group>"; };
		39FF93742927B1A700456B3A /* RightEye.swift */ = {isa = PBXFileReference; fileEncoding = 4; lastKnownFileType = sourcecode.swift; path = RightEye.swift; sourceTree = "<group>"; };
		39FF93822927B1B300456B3A /* CritterAnimatable.swift */ = {isa = PBXFileReference; fileEncoding = 4; lastKnownFileType = sourcecode.swift; path = CritterAnimatable.swift; sourceTree = "<group>"; };
		39FF93832927B1B300456B3A /* CritterView.swift */ = {isa = PBXFileReference; fileEncoding = 4; lastKnownFileType = sourcecode.swift; path = CritterView.swift; sourceTree = "<group>"; };
		39FF93842927B1B300456B3A /* CritterAssets.swift */ = {isa = PBXFileReference; fileEncoding = 4; lastKnownFileType = sourcecode.swift; path = CritterAssets.swift; sourceTree = "<group>"; };
		39FF9388292BA7D000456B3A /* InputContainerView.swift */ = {isa = PBXFileReference; lastKnownFileType = sourcecode.swift; path = InputContainerView.swift; sourceTree = "<group>"; };
		39FF938A292BAA9700456B3A /* CustomTextField.swift */ = {isa = PBXFileReference; lastKnownFileType = sourcecode.swift; path = CustomTextField.swift; sourceTree = "<group>"; };
		39FF938C292CB66500456B3A /* LoginViewModel.swift */ = {isa = PBXFileReference; lastKnownFileType = sourcecode.swift; path = LoginViewModel.swift; sourceTree = "<group>"; };
		39FF938F292DFB7500456B3A /* RegistirationViewModel.swift */ = {isa = PBXFileReference; lastKnownFileType = sourcecode.swift; path = RegistirationViewModel.swift; sourceTree = "<group>"; };
		39FF9391292E084C00456B3A /* GoogleService-Info.plist */ = {isa = PBXFileReference; fileEncoding = 4; lastKnownFileType = text.plist.xml; path = "GoogleService-Info.plist"; sourceTree = "<group>"; };
		A54131DEED7D026FD9B09AAC /* Pods_Tayg_r.framework */ = {isa = PBXFileReference; explicitFileType = wrapper.framework; includeInIndex = 0; path = Pods_Tayg_r.framework; sourceTree = BUILT_PRODUCTS_DIR; };
		B73F2B83C9CF1263E279B283 /* Pods-Taygır.release.xcconfig */ = {isa = PBXFileReference; includeInIndex = 1; lastKnownFileType = text.xcconfig; name = "Pods-Taygır.release.xcconfig"; path = "Target Support Files/Pods-Taygır/Pods-Taygır.release.xcconfig"; sourceTree = "<group>"; };
		DF6308ED33BD567FBC57C128 /* Pods-Taygır.debug.xcconfig */ = {isa = PBXFileReference; includeInIndex = 1; lastKnownFileType = text.xcconfig; name = "Pods-Taygır.debug.xcconfig"; path = "Target Support Files/Pods-Taygır/Pods-Taygır.debug.xcconfig"; sourceTree = "<group>"; };
/* End PBXFileReference section */

/* Begin PBXFrameworksBuildPhase section */
		39FF933329279C1200456B3A /* Frameworks */ = {
			isa = PBXFrameworksBuildPhase;
			buildActionMask = 2147483647;
			files = (
				39A7E62A292E4C9B00AD6DBE /* Pods_Taygır.framework in Frameworks */,
			);
			runOnlyForDeploymentPostprocessing = 0;
		};
/* End PBXFrameworksBuildPhase section */

/* Begin PBXGroup section */
		39FF932D29279C1200456B3A = {
			isa = PBXGroup;
			children = (
				39FF933829279C1200456B3A /* Taygır */,
				39FF933729279C1200456B3A /* Products */,
				59988487A4F112D72705E89F /* Pods */,
				725EF1C71EAAD29D55B5D1FD /* Frameworks */,
			);
			sourceTree = "<group>";
		};
		39FF933729279C1200456B3A /* Products */ = {
			isa = PBXGroup;
			children = (
				39FF933629279C1200456B3A /* Taygır.app */,
			);
			name = Products;
			sourceTree = "<group>";
		};
		39FF933829279C1200456B3A /* Taygır */ = {
			isa = PBXGroup;
			children = (
				39FF935229279C3300456B3A /* Model */,
				39FF935129279C3000456B3A /* View */,
				39FF935029279C2D00456B3A /* ViewModel */,
				39FF934F29279C2A00456B3A /* Controller */,
				39FF934D29279C2400456B3A /* Utils */,
				39FF934E29279C2800456B3A /* API */,
				39FF933929279C1200456B3A /* AppDelegate.swift */,
				39FF933B29279C1200456B3A /* SceneDelegate.swift */,
				39FF933D29279C1200456B3A /* ViewController.swift */,
				39FF933F29279C1200456B3A /* Main.storyboard */,
				39FF934229279C1200456B3A /* Assets.xcassets */,
				39AA1A0929308436009E21C6 /* LaunchScreen.storyboard */,
				39FF9391292E084C00456B3A /* GoogleService-Info.plist */,
				39FF934729279C1200456B3A /* Info.plist */,
			);
			path = "Taygır";
			sourceTree = "<group>";
		};
		39FF934D29279C2400456B3A /* Utils */ = {
			isa = PBXGroup;
			children = (
				39FF935F2927B14E00456B3A /* Helpers */,
				39FF935D2927AFD100456B3A /* Extentions.swift */,
				39AA19F8292FB45F009E21C6 /* Constants.swift */,
			);
			path = Utils;
			sourceTree = "<group>";
		};
		39FF934E29279C2800456B3A /* API */ = {
			isa = PBXGroup;
			children = (
				39A7E62D292E5A8500AD6DBE /* AuthService.swift */,
				39E3741D292F836C009A7824 /* Service.swift */,
			);
			path = API;
			sourceTree = "<group>";
		};
		39FF934F29279C2A00456B3A /* Controller */ = {
			isa = PBXGroup;
			children = (
				39FF93552927AB8F00456B3A /* Authentication */,
				39FF935329279C8800456B3A /* ConversationsController.swift */,
				39E37417292F7B46009A7824 /* NewMessageController.swift */,
				39E3741F292F88CB009A7824 /* ChatController.swift */,
				39AA19FF292FF1BC009E21C6 /* ProfileController.swift */,
			);
			path = Controller;
			sourceTree = "<group>";
		};
		39FF935029279C2D00456B3A /* ViewModel */ = {
			isa = PBXGroup;
			children = (
				39FF938E292DFB5B00456B3A /* Authentication */,
				39AA19F6292FAB02009E21C6 /* MessageViewModel.swift */,
				39AA19FC292FE45B009E21C6 /* ConversationViewModel.swift */,
				39AA1A03293014CE009E21C6 /* ProfileViewModel.swift */,
			);
			path = ViewModel;
			sourceTree = "<group>";
		};
		39FF935129279C3000456B3A /* View */ = {
			isa = PBXGroup;
			children = (
				39FF9388292BA7D000456B3A /* InputContainerView.swift */,
				39FF938A292BAA9700456B3A /* CustomTextField.swift */,
				39E37419292F801D009A7824 /* UserCell.swift */,
				39E37421292F8C92009A7824 /* CustomInputAccessoryView.swift */,
				39AA19F2292F96B7009E21C6 /* MessageCell.swift */,
				39AA19FA292FDC65009E21C6 /* ConversationCell.swift */,
				39AA1A01292FF3C6009E21C6 /* ProfileHeader.swift */,
				39AA1A05293015EF009E21C6 /* ProfileCell.swift */,
				39AA1A07293069B8009E21C6 /* ProfileFooter.swift */,
			);
			path = View;
			sourceTree = "<group>";
		};
		39FF935229279C3300456B3A /* Model */ = {
			isa = PBXGroup;
			children = (
				39E3741B292F8322009A7824 /* User.swift */,
				39AA19F4292FA89D009E21C6 /* Message.swift */,
			);
			path = Model;
			sourceTree = "<group>";
		};
		39FF93552927AB8F00456B3A /* Authentication */ = {
			isa = PBXGroup;
			children = (
				39FF93562927ABBB00456B3A /* LoginController.swift */,
				39FF93582927ABCF00456B3A /* RegistirationController.swift */,
			);
			path = Authentication;
			sourceTree = "<group>";
		};
		39FF935F2927B14E00456B3A /* Helpers */ = {
			isa = PBXGroup;
			children = (
				39FF93662927B18A00456B3A /* Critter */,
				39FF93602927B16B00456B3A /* CATransform3D+Helper.swift */,
				39FF93612927B16B00456B3A /* Degree.swift */,
				39FF935A2927AD2600456B3A /* UIColors+ColorPallete.swift */,
			);
			path = Helpers;
			sourceTree = "<group>";
		};
		39FF93662927B18A00456B3A /* Critter */ = {
			isa = PBXGroup;
			children = (
				39FF93672927B19B00456B3A /* Parse */,
				39FF93822927B1B300456B3A /* CritterAnimatable.swift */,
				39FF93842927B1B300456B3A /* CritterAssets.swift */,
				39FF93832927B1B300456B3A /* CritterView.swift */,
			);
			path = Critter;
			sourceTree = "<group>";
		};
		39FF93672927B19B00456B3A /* Parse */ = {
			isa = PBXGroup;
			children = (
				39FF93732927B1A700456B3A /* Body.swift */,
				39FF93722927B1A700456B3A /* Head.swift */,
				39FF93682927B1A700456B3A /* LeftArm.swift */,
				39FF93692927B1A700456B3A /* LeftEar.swift */,
				39FF93712927B1A700456B3A /* LeftEarMask.swift */,
				39FF936D2927B1A700456B3A /* LeftEye.swift */,
				39FF936F2927B1A700456B3A /* Mouth.swift */,
				39FF936B2927B1A700456B3A /* Muzzle.swift */,
				39FF93702927B1A700456B3A /* Nose.swift */,
				39FF936E2927B1A700456B3A /* RightArm.swift */,
				39FF936A2927B1A700456B3A /* RightEar.swift */,
				39FF936C2927B1A700456B3A /* RightEarMask.swift */,
				39FF93742927B1A700456B3A /* RightEye.swift */,
			);
			path = Parse;
			sourceTree = "<group>";
		};
		39FF938E292DFB5B00456B3A /* Authentication */ = {
			isa = PBXGroup;
			children = (
				39FF938C292CB66500456B3A /* LoginViewModel.swift */,
				39FF938F292DFB7500456B3A /* RegistirationViewModel.swift */,
			);
			path = Authentication;
			sourceTree = "<group>";
		};
		59988487A4F112D72705E89F /* Pods */ = {
			isa = PBXGroup;
			children = (
				DF6308ED33BD567FBC57C128 /* Pods-Taygır.debug.xcconfig */,
				B73F2B83C9CF1263E279B283 /* Pods-Taygır.release.xcconfig */,
			);
			path = Pods;
			sourceTree = "<group>";
		};
		725EF1C71EAAD29D55B5D1FD /* Frameworks */ = {
			isa = PBXGroup;
			children = (
				39A7E629292E4C9B00AD6DBE /* Pods_Taygır.framework */,
				A54131DEED7D026FD9B09AAC /* Pods_Tayg_r.framework */,
			);
			name = Frameworks;
			sourceTree = "<group>";
		};
/* End PBXGroup section */

/* Begin PBXNativeTarget section */
		39FF933529279C1200456B3A /* Taygır */ = {
			isa = PBXNativeTarget;
			buildConfigurationList = 39FF934A29279C1200456B3A /* Build configuration list for PBXNativeTarget "Taygır" */;
			buildPhases = (
				C9C6E3D31BE2F5897783B67C /* [CP] Check Pods Manifest.lock */,
				39FF933229279C1200456B3A /* Sources */,
				39FF933329279C1200456B3A /* Frameworks */,
				39FF933429279C1200456B3A /* Resources */,
				6AFD164C803D13D552E2C4BD /* [CP] Embed Pods Frameworks */,
			);
			buildRules = (
			);
			dependencies = (
			);
			name = "Taygır";
			productName = "Taygır";
			productReference = 39FF933629279C1200456B3A /* Taygır.app */;
			productType = "com.apple.product-type.application";
		};
/* End PBXNativeTarget section */

/* Begin PBXProject section */
		39FF932E29279C1200456B3A /* Project object */ = {
			isa = PBXProject;
			attributes = {
				BuildIndependentTargetsInParallel = 1;
				LastSwiftUpdateCheck = 1410;
				LastUpgradeCheck = 1410;
				TargetAttributes = {
					39FF933529279C1200456B3A = {
						CreatedOnToolsVersion = 14.1;
					};
				};
			};
			buildConfigurationList = 39FF933129279C1200456B3A /* Build configuration list for PBXProject "Taygır" */;
			compatibilityVersion = "Xcode 14.0";
			developmentRegion = en;
			hasScannedForEncodings = 0;
			knownRegions = (
				en,
				Base,
			);
			mainGroup = 39FF932D29279C1200456B3A;
			productRefGroup = 39FF933729279C1200456B3A /* Products */;
			projectDirPath = "";
			projectRoot = "";
			targets = (
				39FF933529279C1200456B3A /* Taygır */,
			);
		};
/* End PBXProject section */

/* Begin PBXResourcesBuildPhase section */
		39FF933429279C1200456B3A /* Resources */ = {
			isa = PBXResourcesBuildPhase;
			buildActionMask = 2147483647;
			files = (
				39FF9392292E084C00456B3A /* GoogleService-Info.plist in Resources */,
				39FF934329279C1200456B3A /* Assets.xcassets in Resources */,
				39FF934129279C1200456B3A /* Main.storyboard in Resources */,
				39AA1A0A29308436009E21C6 /* LaunchScreen.storyboard in Resources */,
			);
			runOnlyForDeploymentPostprocessing = 0;
		};
/* End PBXResourcesBuildPhase section */

/* Begin PBXShellScriptBuildPhase section */
		6AFD164C803D13D552E2C4BD /* [CP] Embed Pods Frameworks */ = {
			isa = PBXShellScriptBuildPhase;
			buildActionMask = 2147483647;
			files = (
			);
			inputFileListPaths = (
				"${PODS_ROOT}/Target Support Files/Pods-Taygır/Pods-Taygır-frameworks-${CONFIGURATION}-input-files.xcfilelist",
			);
			name = "[CP] Embed Pods Frameworks";
			outputFileListPaths = (
				"${PODS_ROOT}/Target Support Files/Pods-Taygır/Pods-Taygır-frameworks-${CONFIGURATION}-output-files.xcfilelist",
			);
			runOnlyForDeploymentPostprocessing = 0;
			shellPath = /bin/sh;
			shellScript = "\"${PODS_ROOT}/Target Support Files/Pods-Taygır/Pods-Taygır-frameworks.sh\"\n";
			showEnvVarsInLog = 0;
		};
		C9C6E3D31BE2F5897783B67C /* [CP] Check Pods Manifest.lock */ = {
			isa = PBXShellScriptBuildPhase;
			buildActionMask = 2147483647;
			files = (
			);
			inputFileListPaths = (
			);
			inputPaths = (
				"${PODS_PODFILE_DIR_PATH}/Podfile.lock",
				"${PODS_ROOT}/Manifest.lock",
			);
			name = "[CP] Check Pods Manifest.lock";
			outputFileListPaths = (
			);
			outputPaths = (
				"$(DERIVED_FILE_DIR)/Pods-Taygır-checkManifestLockResult.txt",
			);
			runOnlyForDeploymentPostprocessing = 0;
			shellPath = /bin/sh;
			shellScript = "diff \"${PODS_PODFILE_DIR_PATH}/Podfile.lock\" \"${PODS_ROOT}/Manifest.lock\" > /dev/null\nif [ $? != 0 ] ; then\n    # print error to STDERR\n    echo \"error: The sandbox is not in sync with the Podfile.lock. Run 'pod install' or update your CocoaPods installation.\" >&2\n    exit 1\nfi\n# This output is used by Xcode 'outputs' to avoid re-running this script phase.\necho \"SUCCESS\" > \"${SCRIPT_OUTPUT_FILE_0}\"\n";
			showEnvVarsInLog = 0;
		};
/* End PBXShellScriptBuildPhase section */

/* Begin PBXSourcesBuildPhase section */
		39FF933229279C1200456B3A /* Sources */ = {
			isa = PBXSourcesBuildPhase;
			buildActionMask = 2147483647;
			files = (
				39FF938B292BAA9700456B3A /* CustomTextField.swift in Sources */,
				39A7E62E292E5A8500AD6DBE /* AuthService.swift in Sources */,
				39AA19F7292FAB02009E21C6 /* MessageViewModel.swift in Sources */,
				39FF937F2927B1A700456B3A /* Head.swift in Sources */,
				39FF93782927B1A700456B3A /* Muzzle.swift in Sources */,
				39FF937C2927B1A700456B3A /* Mouth.swift in Sources */,
				39FF933E29279C1200456B3A /* ViewController.swift in Sources */,
				39AA1A00292FF1BC009E21C6 /* ProfileController.swift in Sources */,
				39AA1A02292FF3C6009E21C6 /* ProfileHeader.swift in Sources */,
				39FF9389292BA7D000456B3A /* InputContainerView.swift in Sources */,
				39FF93872927B1B300456B3A /* CritterAssets.swift in Sources */,
				39E37418292F7B46009A7824 /* NewMessageController.swift in Sources */,
				39AA19F5292FA89D009E21C6 /* Message.swift in Sources */,
				39FF937B2927B1A700456B3A /* RightArm.swift in Sources */,
				39FF93632927B16B00456B3A /* Degree.swift in Sources */,
				39FF933A29279C1200456B3A /* AppDelegate.swift in Sources */,
				39FF93622927B16B00456B3A /* CATransform3D+Helper.swift in Sources */,
				39FF935429279C8800456B3A /* ConversationsController.swift in Sources */,
				39AA1A06293015EF009E21C6 /* ProfileCell.swift in Sources */,
				39FF937A2927B1A700456B3A /* LeftEye.swift in Sources */,
				39FF937D2927B1A700456B3A /* Nose.swift in Sources */,
				39FF93802927B1A700456B3A /* Body.swift in Sources */,
				39FF933C29279C1200456B3A /* SceneDelegate.swift in Sources */,
				39AA19FB292FDC65009E21C6 /* ConversationCell.swift in Sources */,
				39FF93852927B1B300456B3A /* CritterAnimatable.swift in Sources */,
				39FF935E2927AFD100456B3A /* Extentions.swift in Sources */,
				39E3741A292F801D009A7824 /* UserCell.swift in Sources */,
				39E37422292F8C92009A7824 /* CustomInputAccessoryView.swift in Sources */,
				39AA19F9292FB45F009E21C6 /* Constants.swift in Sources */,
				39FF93752927B1A700456B3A /* LeftArm.swift in Sources */,
				39E3741E292F836C009A7824 /* Service.swift in Sources */,
				39FF93772927B1A700456B3A /* RightEar.swift in Sources */,
				39FF935B2927AD2600456B3A /* UIColors+ColorPallete.swift in Sources */,
				39E3741C292F8322009A7824 /* User.swift in Sources */,
				39FF9390292DFB7500456B3A /* RegistirationViewModel.swift in Sources */,
				39FF938D292CB66500456B3A /* LoginViewModel.swift in Sources */,
				39AA19F3292F96B7009E21C6 /* MessageCell.swift in Sources */,
				39FF937E2927B1A700456B3A /* LeftEarMask.swift in Sources */,
				39AA19FD292FE45B009E21C6 /* ConversationViewModel.swift in Sources */,
				39AA1A04293014CE009E21C6 /* ProfileViewModel.swift in Sources */,
				39FF93862927B1B300456B3A /* CritterView.swift in Sources */,
				39FF93592927ABCF00456B3A /* RegistirationController.swift in Sources */,
				39FF93792927B1A700456B3A /* RightEarMask.swift in Sources */,
				39FF93572927ABBB00456B3A /* LoginController.swift in Sources */,
				39FF93762927B1A700456B3A /* LeftEar.swift in Sources */,
				39FF93812927B1A700456B3A /* RightEye.swift in Sources */,
				39AA1A08293069B8009E21C6 /* ProfileFooter.swift in Sources */,
				39E37420292F88CB009A7824 /* ChatController.swift in Sources */,
			);
			runOnlyForDeploymentPostprocessing = 0;
		};
/* End PBXSourcesBuildPhase section */

/* Begin PBXVariantGroup section */
		39FF933F29279C1200456B3A /* Main.storyboard */ = {
			isa = PBXVariantGroup;
			children = (
				39FF934029279C1200456B3A /* Base */,
			);
			name = Main.storyboard;
			sourceTree = "<group>";
		};
/* End PBXVariantGroup section */

/* Begin XCBuildConfiguration section */
		39FF934829279C1200456B3A /* Debug */ = {
			isa = XCBuildConfiguration;
			buildSettings = {
				ALWAYS_SEARCH_USER_PATHS = NO;
				CLANG_ANALYZER_NONNULL = YES;
				CLANG_ANALYZER_NUMBER_OBJECT_CONVERSION = YES_AGGRESSIVE;
				CLANG_CXX_LANGUAGE_STANDARD = "gnu++20";
				CLANG_ENABLE_MODULES = YES;
				CLANG_ENABLE_OBJC_ARC = YES;
				CLANG_ENABLE_OBJC_WEAK = YES;
				CLANG_WARN_BLOCK_CAPTURE_AUTORELEASING = YES;
				CLANG_WARN_BOOL_CONVERSION = YES;
				CLANG_WARN_COMMA = YES;
				CLANG_WARN_CONSTANT_CONVERSION = YES;
				CLANG_WARN_DEPRECATED_OBJC_IMPLEMENTATIONS = YES;
				CLANG_WARN_DIRECT_OBJC_ISA_USAGE = YES_ERROR;
				CLANG_WARN_DOCUMENTATION_COMMENTS = YES;
				CLANG_WARN_EMPTY_BODY = YES;
				CLANG_WARN_ENUM_CONVERSION = YES;
				CLANG_WARN_INFINITE_RECURSION = YES;
				CLANG_WARN_INT_CONVERSION = YES;
				CLANG_WARN_NON_LITERAL_NULL_CONVERSION = YES;
				CLANG_WARN_OBJC_IMPLICIT_RETAIN_SELF = YES;
				CLANG_WARN_OBJC_LITERAL_CONVERSION = YES;
				CLANG_WARN_OBJC_ROOT_CLASS = YES_ERROR;
				CLANG_WARN_QUOTED_INCLUDE_IN_FRAMEWORK_HEADER = YES;
				CLANG_WARN_RANGE_LOOP_ANALYSIS = YES;
				CLANG_WARN_STRICT_PROTOTYPES = YES;
				CLANG_WARN_SUSPICIOUS_MOVE = YES;
				CLANG_WARN_UNGUARDED_AVAILABILITY = YES_AGGRESSIVE;
				CLANG_WARN_UNREACHABLE_CODE = YES;
				CLANG_WARN__DUPLICATE_METHOD_MATCH = YES;
				COPY_PHASE_STRIP = NO;
				DEBUG_INFORMATION_FORMAT = dwarf;
				ENABLE_STRICT_OBJC_MSGSEND = YES;
				ENABLE_TESTABILITY = YES;
				GCC_C_LANGUAGE_STANDARD = gnu11;
				GCC_DYNAMIC_NO_PIC = NO;
				GCC_NO_COMMON_BLOCKS = YES;
				GCC_OPTIMIZATION_LEVEL = 0;
				GCC_PREPROCESSOR_DEFINITIONS = (
					"DEBUG=1",
					"$(inherited)",
				);
				GCC_WARN_64_TO_32_BIT_CONVERSION = YES;
				GCC_WARN_ABOUT_RETURN_TYPE = YES_ERROR;
				GCC_WARN_UNDECLARED_SELECTOR = YES;
				GCC_WARN_UNINITIALIZED_AUTOS = YES_AGGRESSIVE;
				GCC_WARN_UNUSED_FUNCTION = YES;
				GCC_WARN_UNUSED_VARIABLE = YES;
				IPHONEOS_DEPLOYMENT_TARGET = 16.1;
				MTL_ENABLE_DEBUG_INFO = INCLUDE_SOURCE;
				MTL_FAST_MATH = YES;
				ONLY_ACTIVE_ARCH = YES;
				SDKROOT = iphoneos;
				SWIFT_ACTIVE_COMPILATION_CONDITIONS = DEBUG;
				SWIFT_OPTIMIZATION_LEVEL = "-Onone";
			};
			name = Debug;
		};
		39FF934929279C1200456B3A /* Release */ = {
			isa = XCBuildConfiguration;
			buildSettings = {
				ALWAYS_SEARCH_USER_PATHS = NO;
				CLANG_ANALYZER_NONNULL = YES;
				CLANG_ANALYZER_NUMBER_OBJECT_CONVERSION = YES_AGGRESSIVE;
				CLANG_CXX_LANGUAGE_STANDARD = "gnu++20";
				CLANG_ENABLE_MODULES = YES;
				CLANG_ENABLE_OBJC_ARC = YES;
				CLANG_ENABLE_OBJC_WEAK = YES;
				CLANG_WARN_BLOCK_CAPTURE_AUTORELEASING = YES;
				CLANG_WARN_BOOL_CONVERSION = YES;
				CLANG_WARN_COMMA = YES;
				CLANG_WARN_CONSTANT_CONVERSION = YES;
				CLANG_WARN_DEPRECATED_OBJC_IMPLEMENTATIONS = YES;
				CLANG_WARN_DIRECT_OBJC_ISA_USAGE = YES_ERROR;
				CLANG_WARN_DOCUMENTATION_COMMENTS = YES;
				CLANG_WARN_EMPTY_BODY = YES;
				CLANG_WARN_ENUM_CONVERSION = YES;
				CLANG_WARN_INFINITE_RECURSION = YES;
				CLANG_WARN_INT_CONVERSION = YES;
				CLANG_WARN_NON_LITERAL_NULL_CONVERSION = YES;
				CLANG_WARN_OBJC_IMPLICIT_RETAIN_SELF = YES;
				CLANG_WARN_OBJC_LITERAL_CONVERSION = YES;
				CLANG_WARN_OBJC_ROOT_CLASS = YES_ERROR;
				CLANG_WARN_QUOTED_INCLUDE_IN_FRAMEWORK_HEADER = YES;
				CLANG_WARN_RANGE_LOOP_ANALYSIS = YES;
				CLANG_WARN_STRICT_PROTOTYPES = YES;
				CLANG_WARN_SUSPICIOUS_MOVE = YES;
				CLANG_WARN_UNGUARDED_AVAILABILITY = YES_AGGRESSIVE;
				CLANG_WARN_UNREACHABLE_CODE = YES;
				CLANG_WARN__DUPLICATE_METHOD_MATCH = YES;
				COPY_PHASE_STRIP = NO;
				DEBUG_INFORMATION_FORMAT = "dwarf-with-dsym";
				ENABLE_NS_ASSERTIONS = NO;
				ENABLE_STRICT_OBJC_MSGSEND = YES;
				GCC_C_LANGUAGE_STANDARD = gnu11;
				GCC_NO_COMMON_BLOCKS = YES;
				GCC_WARN_64_TO_32_BIT_CONVERSION = YES;
				GCC_WARN_ABOUT_RETURN_TYPE = YES_ERROR;
				GCC_WARN_UNDECLARED_SELECTOR = YES;
				GCC_WARN_UNINITIALIZED_AUTOS = YES_AGGRESSIVE;
				GCC_WARN_UNUSED_FUNCTION = YES;
				GCC_WARN_UNUSED_VARIABLE = YES;
				IPHONEOS_DEPLOYMENT_TARGET = 16.1;
				MTL_ENABLE_DEBUG_INFO = NO;
				MTL_FAST_MATH = YES;
				SDKROOT = iphoneos;
				SWIFT_COMPILATION_MODE = wholemodule;
				SWIFT_OPTIMIZATION_LEVEL = "-O";
				VALIDATE_PRODUCT = YES;
			};
			name = Release;
		};
		39FF934B29279C1200456B3A /* Debug */ = {
			isa = XCBuildConfiguration;
			baseConfigurationReference = DF6308ED33BD567FBC57C128 /* Pods-Taygır.debug.xcconfig */;
			buildSettings = {
				ASSETCATALOG_COMPILER_APPICON_NAME = AppIcon;
				ASSETCATALOG_COMPILER_GLOBAL_ACCENT_COLOR_NAME = AccentColor;
				CODE_SIGN_STYLE = Automatic;
				CURRENT_PROJECT_VERSION = 1;
				DEVELOPMENT_TEAM = S36XNC4YL6;
				GENERATE_INFOPLIST_FILE = YES;
				INFOPLIST_FILE = "Taygır/Info.plist";
				INFOPLIST_KEY_UIApplicationSupportsIndirectInputEvents = YES;
				INFOPLIST_KEY_UILaunchStoryboardName = LaunchScreen;
				INFOPLIST_KEY_UIMainStoryboardFile = Main;
				INFOPLIST_KEY_UISupportedInterfaceOrientations = UIInterfaceOrientationPortrait;
				INFOPLIST_KEY_UISupportedInterfaceOrientations_iPad = "UIInterfaceOrientationLandscapeLeft UIInterfaceOrientationLandscapeRight UIInterfaceOrientationPortrait UIInterfaceOrientationPortraitUpsideDown";
				LD_RUNPATH_SEARCH_PATHS = (
					"$(inherited)",
					"@executable_path/Frameworks",
				);
				MARKETING_VERSION = 1.0;
				PRODUCT_BUNDLE_IDENTIFIER = "com.thebilgin.Tayg-r";
				PRODUCT_NAME = "$(TARGET_NAME)";
				SUPPORTED_PLATFORMS = "iphoneos iphonesimulator";
				SUPPORTS_MACCATALYST = NO;
				SUPPORTS_MAC_DESIGNED_FOR_IPHONE_IPAD = YES;
				SWIFT_EMIT_LOC_STRINGS = YES;
				SWIFT_VERSION = 5.0;
				TARGETED_DEVICE_FAMILY = 1;
			};
			name = Debug;
		};
		39FF934C29279C1200456B3A /* Release */ = {
			isa = XCBuildConfiguration;
			baseConfigurationReference = B73F2B83C9CF1263E279B283 /* Pods-Taygır.release.xcconfig */;
			buildSettings = {
				ASSETCATALOG_COMPILER_APPICON_NAME = AppIcon;
				ASSETCATALOG_COMPILER_GLOBAL_ACCENT_COLOR_NAME = AccentColor;
				CODE_SIGN_STYLE = Automatic;
				CURRENT_PROJECT_VERSION = 1;
				DEVELOPMENT_TEAM = S36XNC4YL6;
				GENERATE_INFOPLIST_FILE = YES;
				INFOPLIST_FILE = "Taygır/Info.plist";
				INFOPLIST_KEY_UIApplicationSupportsIndirectInputEvents = YES;
				INFOPLIST_KEY_UILaunchStoryboardName = LaunchScreen;
				INFOPLIST_KEY_UIMainStoryboardFile = Main;
				INFOPLIST_KEY_UISupportedInterfaceOrientations = UIInterfaceOrientationPortrait;
				INFOPLIST_KEY_UISupportedInterfaceOrientations_iPad = "UIInterfaceOrientationLandscapeLeft UIInterfaceOrientationLandscapeRight UIInterfaceOrientationPortrait UIInterfaceOrientationPortraitUpsideDown";
				LD_RUNPATH_SEARCH_PATHS = (
					"$(inherited)",
					"@executable_path/Frameworks",
				);
				MARKETING_VERSION = 1.0;
				PRODUCT_BUNDLE_IDENTIFIER = "com.thebilgin.Tayg-r";
				PRODUCT_NAME = "$(TARGET_NAME)";
				SUPPORTED_PLATFORMS = "iphoneos iphonesimulator";
				SUPPORTS_MACCATALYST = NO;
				SUPPORTS_MAC_DESIGNED_FOR_IPHONE_IPAD = YES;
				SWIFT_EMIT_LOC_STRINGS = YES;
				SWIFT_VERSION = 5.0;
				TARGETED_DEVICE_FAMILY = 1;
			};
			name = Release;
		};
/* End XCBuildConfiguration section */

/* Begin XCConfigurationList section */
		39FF933129279C1200456B3A /* Build configuration list for PBXProject "Taygır" */ = {
			isa = XCConfigurationList;
			buildConfigurations = (
				39FF934829279C1200456B3A /* Debug */,
				39FF934929279C1200456B3A /* Release */,
			);
			defaultConfigurationIsVisible = 0;
			defaultConfigurationName = Release;
		};
		39FF934A29279C1200456B3A /* Build configuration list for PBXNativeTarget "Taygır" */ = {
			isa = XCConfigurationList;
			buildConfigurations = (
				39FF934B29279C1200456B3A /* Debug */,
				39FF934C29279C1200456B3A /* Release */,
			);
			defaultConfigurationIsVisible = 0;
			defaultConfigurationName = Release;
		};
/* End XCConfigurationList section */
	};
	rootObject = 39FF932E29279C1200456B3A /* Project object */;
}
